// !$*UTF8*$!
{
	archiveVersion = 1;
	classes = {
	};
	objectVersion = 50;
	objects = {

/* Begin PBXBuildFile section */
		3308B506244BA16A00176E68 /* Post.swift in Sources */ = {isa = PBXBuildFile; fileRef = 3308B505244BA16A00176E68 /* Post.swift */; };
		3308B508244BA59100176E68 /* PostCell.swift in Sources */ = {isa = PBXBuildFile; fileRef = 3308B507244BA59100176E68 /* PostCell.swift */; };
		3308B50B244BAE1400176E68 /* NetworkManager.swift in Sources */ = {isa = PBXBuildFile; fileRef = 3308B50A244BAE1400176E68 /* NetworkManager.swift */; };
		3308B50D244BB43300176E68 /* CommentsVC.swift in Sources */ = {isa = PBXBuildFile; fileRef = 3308B50C244BB43300176E68 /* CommentsVC.swift */; };
		3308B50F244BB57F00176E68 /* CommentCell.swift in Sources */ = {isa = PBXBuildFile; fileRef = 3308B50E244BB57F00176E68 /* CommentCell.swift */; };
		3308B511244BB75E00176E68 /* Comment.swift in Sources */ = {isa = PBXBuildFile; fileRef = 3308B510244BB75E00176E68 /* Comment.swift */; };
		3308B513244C1BEA00176E68 /* UserView.swift in Sources */ = {isa = PBXBuildFile; fileRef = 3308B512244C1BEA00176E68 /* UserView.swift */; };
		3308B515244C1C2500176E68 /* UserView.xib in Resources */ = {isa = PBXBuildFile; fileRef = 3308B514244C1C2500176E68 /* UserView.xib */; };
		339BDD652447D4DE0028EEBA /* AppDelegate.swift in Sources */ = {isa = PBXBuildFile; fileRef = 339BDD642447D4DE0028EEBA /* AppDelegate.swift */; };
		339BDD672447D4DE0028EEBA /* SceneDelegate.swift in Sources */ = {isa = PBXBuildFile; fileRef = 339BDD662447D4DE0028EEBA /* SceneDelegate.swift */; };
		339BDD692447D4DE0028EEBA /* FeedVC.swift in Sources */ = {isa = PBXBuildFile; fileRef = 339BDD682447D4DE0028EEBA /* FeedVC.swift */; };
		339BDD6C2447D4DE0028EEBA /* Main.storyboard in Resources */ = {isa = PBXBuildFile; fileRef = 339BDD6A2447D4DE0028EEBA /* Main.storyboard */; };
		339BDD6E2447D4DE0028EEBA /* Assets.xcassets in Resources */ = {isa = PBXBuildFile; fileRef = 339BDD6D2447D4DE0028EEBA /* Assets.xcassets */; };
		339BDD712447D4DE0028EEBA /* LaunchScreen.storyboard in Resources */ = {isa = PBXBuildFile; fileRef = 339BDD6F2447D4DE0028EEBA /* LaunchScreen.storyboard */; };
/* End PBXBuildFile section */

/* Begin PBXFileReference section */
		3308B505244BA16A00176E68 /* Post.swift */ = {isa = PBXFileReference; lastKnownFileType = sourcecode.swift; path = Post.swift; sourceTree = "<group>"; };
		3308B507244BA59100176E68 /* PostCell.swift */ = {isa = PBXFileReference; lastKnownFileType = sourcecode.swift; path = PostCell.swift; sourceTree = "<group>"; };
		3308B50A244BAE1400176E68 /* NetworkManager.swift */ = {isa = PBXFileReference; lastKnownFileType = sourcecode.swift; path = NetworkManager.swift; sourceTree = "<group>"; };
		3308B50C244BB43300176E68 /* CommentsVC.swift */ = {isa = PBXFileReference; lastKnownFileType = sourcecode.swift; path = CommentsVC.swift; sourceTree = "<group>"; };
		3308B50E244BB57F00176E68 /* CommentCell.swift */ = {isa = PBXFileReference; lastKnownFileType = sourcecode.swift; path = CommentCell.swift; sourceTree = "<group>"; };
		3308B510244BB75E00176E68 /* Comment.swift */ = {isa = PBXFileReference; lastKnownFileType = sourcecode.swift; path = Comment.swift; sourceTree = "<group>"; };
		3308B512244C1BEA00176E68 /* UserView.swift */ = {isa = PBXFileReference; lastKnownFileType = sourcecode.swift; path = UserView.swift; sourceTree = "<group>"; };
		3308B514244C1C2500176E68 /* UserView.xib */ = {isa = PBXFileReference; lastKnownFileType = file.xib; path = UserView.xib; sourceTree = "<group>"; };
		339BDD612447D4DE0028EEBA /* ProductHunt.app */ = {isa = PBXFileReference; explicitFileType = wrapper.application; includeInIndex = 0; path = ProductHunt.app; sourceTree = BUILT_PRODUCTS_DIR; };
		339BDD642447D4DE0028EEBA /* AppDelegate.swift */ = {isa = PBXFileReference; lastKnownFileType = sourcecode.swift; path = AppDelegate.swift; sourceTree = "<group>"; };
		339BDD662447D4DE0028EEBA /* SceneDelegate.swift */ = {isa = PBXFileReference; lastKnownFileType = sourcecode.swift; path = SceneDelegate.swift; sourceTree = "<group>"; };
		339BDD682447D4DE0028EEBA /* FeedVC.swift */ = {isa = PBXFileReference; lastKnownFileType = sourcecode.swift; path = FeedVC.swift; sourceTree = "<group>"; };
		339BDD6B2447D4DE0028EEBA /* Base */ = {isa = PBXFileReference; lastKnownFileType = file.storyboard; name = Base; path = Base.lproj/Main.storyboard; sourceTree = "<group>"; };
		339BDD6D2447D4DE0028EEBA /* Assets.xcassets */ = {isa = PBXFileReference; lastKnownFileType = folder.assetcatalog; path = Assets.xcassets; sourceTree = "<group>"; };
		339BDD702447D4DE0028EEBA /* Base */ = {isa = PBXFileReference; lastKnownFileType = file.storyboard; name = Base; path = Base.lproj/LaunchScreen.storyboard; sourceTree = "<group>"; };
		339BDD722447D4DE0028EEBA /* Info.plist */ = {isa = PBXFileReference; lastKnownFileType = text.plist.xml; path = Info.plist; sourceTree = "<group>"; };
/* End PBXFileReference section */

/* Begin PBXFrameworksBuildPhase section */
		339BDD5E2447D4DE0028EEBA /* Frameworks */ = {
			isa = PBXFrameworksBuildPhase;
			buildActionMask = 2147483647;
			files = (
			);
			runOnlyForDeploymentPostprocessing = 0;
		};
/* End PBXFrameworksBuildPhase section */

/* Begin PBXGroup section */
		3308B502244BA13300176E68 /* Controllers */ = {
			isa = PBXGroup;
			children = (
				339BDD682447D4DE0028EEBA /* FeedVC.swift */,
				3308B50C244BB43300176E68 /* CommentsVC.swift */,
			);
			path = Controllers;
			sourceTree = "<group>";
		};
		3308B503244BA13B00176E68 /* Models */ = {
			isa = PBXGroup;
			children = (
				3308B505244BA16A00176E68 /* Post.swift */,
				3308B510244BB75E00176E68 /* Comment.swift */,
			);
			path = Models;
			sourceTree = "<group>";
		};
		3308B504244BA14300176E68 /* Views */ = {
			isa = PBXGroup;
			children = (
				3308B507244BA59100176E68 /* PostCell.swift */,
				3308B50E244BB57F00176E68 /* CommentCell.swift */,
				3308B512244C1BEA00176E68 /* UserView.swift */,
				3308B514244C1C2500176E68 /* UserView.xib */,
			);
			path = Views;
			sourceTree = "<group>";
		};
		3308B509244BAE0300176E68 /* Network */ = {
			isa = PBXGroup;
			children = (
				3308B50A244BAE1400176E68 /* NetworkManager.swift */,
			);
			path = Network;
			sourceTree = "<group>";
		};
		339BDD582447D4DE0028EEBA = {
			isa = PBXGroup;
			children = (
				339BDD632447D4DE0028EEBA /* ProductHunt */,
				339BDD622447D4DE0028EEBA /* Products */,
			);
			sourceTree = "<group>";
		};
		339BDD622447D4DE0028EEBA /* Products */ = {
			isa = PBXGroup;
			children = (
				339BDD612447D4DE0028EEBA /* ProductHunt.app */,
			);
			name = Products;
			sourceTree = "<group>";
		};
		339BDD632447D4DE0028EEBA /* ProductHunt */ = {
			isa = PBXGroup;
			children = (
				339BDD642447D4DE0028EEBA /* AppDelegate.swift */,
				339BDD662447D4DE0028EEBA /* SceneDelegate.swift */,
				339BDD6A2447D4DE0028EEBA /* Main.storyboard */,
				3308B503244BA13B00176E68 /* Models */,
				3308B502244BA13300176E68 /* Controllers */,
				3308B504244BA14300176E68 /* Views */,
				3308B509244BAE0300176E68 /* Network */,
				339BDD6D2447D4DE0028EEBA /* Assets.xcassets */,
				339BDD6F2447D4DE0028EEBA /* LaunchScreen.storyboard */,
				339BDD722447D4DE0028EEBA /* Info.plist */,
			);
			path = ProductHunt;
			sourceTree = "<group>";
		};
/* End PBXGroup section */

/* Begin PBXNativeTarget section */
		339BDD602447D4DE0028EEBA /* ProductHunt */ = {
			isa = PBXNativeTarget;
			buildConfigurationList = 339BDD752447D4DE0028EEBA /* Build configuration list for PBXNativeTarget "ProductHunt" */;
			buildPhases = (
				339BDD5D2447D4DE0028EEBA /* Sources */,
				339BDD5E2447D4DE0028EEBA /* Frameworks */,
				339BDD5F2447D4DE0028EEBA /* Resources */,
			);
			buildRules = (
			);
			dependencies = (
			);
			name = ProductHunt;
			productName = ProductHunt;
			productReference = 339BDD612447D4DE0028EEBA /* ProductHunt.app */;
			productType = "com.apple.product-type.application";
		};
/* End PBXNativeTarget section */

/* Begin PBXProject section */
		339BDD592447D4DE0028EEBA /* Project object */ = {
			isa = PBXProject;
			attributes = {
				LastSwiftUpdateCheck = 1140;
				LastUpgradeCheck = 1140;
				ORGANIZATIONNAME = SamuelFolledo;
				TargetAttributes = {
					339BDD602447D4DE0028EEBA = {
						CreatedOnToolsVersion = 11.4;
					};
				};
			};
			buildConfigurationList = 339BDD5C2447D4DE0028EEBA /* Build configuration list for PBXProject "ProductHunt" */;
			compatibilityVersion = "Xcode 9.3";
			developmentRegion = en;
			hasScannedForEncodings = 0;
			knownRegions = (
				en,
				Base,
			);
			mainGroup = 339BDD582447D4DE0028EEBA;
			productRefGroup = 339BDD622447D4DE0028EEBA /* Products */;
			projectDirPath = "";
			projectRoot = "";
			targets = (
				339BDD602447D4DE0028EEBA /* ProductHunt */,
			);
		};
/* End PBXProject section */

/* Begin PBXResourcesBuildPhase section */
		339BDD5F2447D4DE0028EEBA /* Resources */ = {
			isa = PBXResourcesBuildPhase;
			buildActionMask = 2147483647;
			files = (
				339BDD712447D4DE0028EEBA /* LaunchScreen.storyboard in Resources */,
				339BDD6E2447D4DE0028EEBA /* Assets.xcassets in Resources */,
				339BDD6C2447D4DE0028EEBA /* Main.storyboard in Resources */,
				3308B515244C1C2500176E68 /* UserView.xib in Resources */,
			);
			runOnlyForDeploymentPostprocessing = 0;
		};
/* End PBXResourcesBuildPhase section */

/* Begin PBXSourcesBuildPhase section */
		339BDD5D2447D4DE0028EEBA /* Sources */ = {
			isa = PBXSourcesBuildPhase;
			buildActionMask = 2147483647;
			files = (
				3308B50B244BAE1400176E68 /* NetworkManager.swift in Sources */,
				339BDD692447D4DE0028EEBA /* FeedVC.swift in Sources */,
				339BDD652447D4DE0028EEBA /* AppDelegate.swift in Sources */,
				339BDD672447D4DE0028EEBA /* SceneDelegate.swift in Sources */,
				3308B506244BA16A00176E68 /* Post.swift in Sources */,
				3308B50D244BB43300176E68 /* CommentsVC.swift in Sources */,
				3308B508244BA59100176E68 /* PostCell.swift in Sources */,
				3308B513244C1BEA00176E68 /* UserView.swift in Sources */,
				3308B511244BB75E00176E68 /* Comment.swift in Sources */,
				3308B50F244BB57F00176E68 /* CommentCell.swift in Sources */,
			);
			runOnlyForDeploymentPostprocessing = 0;
		};
/* End PBXSourcesBuildPhase section */

/* Begin PBXVariantGroup section */
		339BDD6A2447D4DE0028EEBA /* Main.storyboard */ = {
			isa = PBXVariantGroup;
			children = (
				339BDD6B2447D4DE0028EEBA /* Base */,
			);
			name = Main.storyboard;
			sourceTree = "<group>";
		};
		339BDD6F2447D4DE0028EEBA /* LaunchScreen.storyboard */ = {
			isa = PBXVariantGroup;
			children = (
				339BDD702447D4DE0028EEBA /* Base */,
			);
			name = LaunchScreen.storyboard;
			sourceTree = "<group>";
		};
/* End PBXVariantGroup section */

/* Begin XCBuildConfiguration section */
		339BDD732447D4DE0028EEBA /* Debug */ = {
			isa = XCBuildConfiguration;
			buildSettings = {
				ALWAYS_SEARCH_USER_PATHS = NO;
				CLANG_ANALYZER_NONNULL = YES;
				CLANG_ANALYZER_NUMBER_OBJECT_CONVERSION = YES_AGGRESSIVE;
				CLANG_CXX_LANGUAGE_STANDARD = "gnu++14";
				CLANG_CXX_LIBRARY = "libc++";
				CLANG_ENABLE_MODULES = YES;
				CLANG_ENABLE_OBJC_ARC = YES;
				CLANG_ENABLE_OBJC_WEAK = YES;
				CLANG_WARN_BLOCK_CAPTURE_AUTORELEASING = YES;
				CLANG_WARN_BOOL_CONVERSION = YES;
				CLANG_WARN_COMMA = YES;
				CLANG_WARN_CONSTANT_CONVERSION = YES;
				CLANG_WARN_DEPRECATED_OBJC_IMPLEMENTATIONS = YES;
				CLANG_WARN_DIRECT_OBJC_ISA_USAGE = YES_ERROR;
				CLANG_WARN_DOCUMENTATION_COMMENTS = YES;
				CLANG_WARN_EMPTY_BODY = YES;
				CLANG_WARN_ENUM_CONVERSION = YES;
				CLANG_WARN_INFINITE_RECURSION = YES;
				CLANG_WARN_INT_CONVERSION = YES;
				CLANG_WARN_NON_LITERAL_NULL_CONVERSION = YES;
				CLANG_WARN_OBJC_IMPLICIT_RETAIN_SELF = YES;
				CLANG_WARN_OBJC_LITERAL_CONVERSION = YES;
				CLANG_WARN_OBJC_ROOT_CLASS = YES_ERROR;
				CLANG_WARN_RANGE_LOOP_ANALYSIS = YES;
				CLANG_WARN_STRICT_PROTOTYPES = YES;
				CLANG_WARN_SUSPICIOUS_MOVE = YES;
				CLANG_WARN_UNGUARDED_AVAILABILITY = YES_AGGRESSIVE;
				CLANG_WARN_UNREACHABLE_CODE = YES;
				CLANG_WARN__DUPLICATE_METHOD_MATCH = YES;
				COPY_PHASE_STRIP = NO;
				DEBUG_INFORMATION_FORMAT = dwarf;
				ENABLE_STRICT_OBJC_MSGSEND = YES;
				ENABLE_TESTABILITY = YES;
				GCC_C_LANGUAGE_STANDARD = gnu11;
				GCC_DYNAMIC_NO_PIC = NO;
				GCC_NO_COMMON_BLOCKS = YES;
				GCC_OPTIMIZATION_LEVEL = 0;
				GCC_PREPROCESSOR_DEFINITIONS = (
					"DEBUG=1",
					"$(inherited)",
				);
				GCC_WARN_64_TO_32_BIT_CONVERSION = YES;
				GCC_WARN_ABOUT_RETURN_TYPE = YES_ERROR;
				GCC_WARN_UNDECLARED_SELECTOR = YES;
				GCC_WARN_UNINITIALIZED_AUTOS = YES_AGGRESSIVE;
				GCC_WARN_UNUSED_FUNCTION = YES;
				GCC_WARN_UNUSED_VARIABLE = YES;
				IPHONEOS_DEPLOYMENT_TARGET = 13.4;
				MTL_ENABLE_DEBUG_INFO = INCLUDE_SOURCE;
				MTL_FAST_MATH = YES;
				ONLY_ACTIVE_ARCH = YES;
				SDKROOT = iphoneos;
				SWIFT_ACTIVE_COMPILATION_CONDITIONS = DEBUG;
				SWIFT_OPTIMIZATION_LEVEL = "-Onone";
			};
			name = Debug;
		};
		339BDD742447D4DE0028EEBA /* Release */ = {
			isa = XCBuildConfiguration;
			buildSettings = {
				ALWAYS_SEARCH_USER_PATHS = NO;
				CLANG_ANALYZER_NONNULL = YES;
				CLANG_ANALYZER_NUMBER_OBJECT_CONVERSION = YES_AGGRESSIVE;
				CLANG_CXX_LANGUAGE_STANDARD = "gnu++14";
				CLANG_CXX_LIBRARY = "libc++";
				CLANG_ENABLE_MODULES = YES;
				CLANG_ENABLE_OBJC_ARC = YES;
				CLANG_ENABLE_OBJC_WEAK = YES;
				CLANG_WARN_BLOCK_CAPTURE_AUTORELEASING = YES;
				CLANG_WARN_BOOL_CONVERSION = YES;
				CLANG_WARN_COMMA = YES;
				CLANG_WARN_CONSTANT_CONVERSION = YES;
				CLANG_WARN_DEPRECATED_OBJC_IMPLEMENTATIONS = YES;
				CLANG_WARN_DIRECT_OBJC_ISA_USAGE = YES_ERROR;
				CLANG_WARN_DOCUMENTATION_COMMENTS = YES;
				CLANG_WARN_EMPTY_BODY = YES;
				CLANG_WARN_ENUM_CONVERSION = YES;
				CLANG_WARN_INFINITE_RECURSION = YES;
				CLANG_WARN_INT_CONVERSION = YES;
				CLANG_WARN_NON_LITERAL_NULL_CONVERSION = YES;
				CLANG_WARN_OBJC_IMPLICIT_RETAIN_SELF = YES;
				CLANG_WARN_OBJC_LITERAL_CONVERSION = YES;
				CLANG_WARN_OBJC_ROOT_CLASS = YES_ERROR;
				CLANG_WARN_RANGE_LOOP_ANALYSIS = YES;
				CLANG_WARN_STRICT_PROTOTYPES = YES;
				CLANG_WARN_SUSPICIOUS_MOVE = YES;
				CLANG_WARN_UNGUARDED_AVAILABILITY = YES_AGGRESSIVE;
				CLANG_WARN_UNREACHABLE_CODE = YES;
				CLANG_WARN__DUPLICATE_METHOD_MATCH = YES;
				COPY_PHASE_STRIP = NO;
				DEBUG_INFORMATION_FORMAT = "dwarf-with-dsym";
				ENABLE_NS_ASSERTIONS = NO;
				ENABLE_STRICT_OBJC_MSGSEND = YES;
				GCC_C_LANGUAGE_STANDARD = gnu11;
				GCC_NO_COMMON_BLOCKS = YES;
				GCC_WARN_64_TO_32_BIT_CONVERSION = YES;
				GCC_WARN_ABOUT_RETURN_TYPE = YES_ERROR;
				GCC_WARN_UNDECLARED_SELECTOR = YES;
				GCC_WARN_UNINITIALIZED_AUTOS = YES_AGGRESSIVE;
				GCC_WARN_UNUSED_FUNCTION = YES;
				GCC_WARN_UNUSED_VARIABLE = YES;
				IPHONEOS_DEPLOYMENT_TARGET = 13.4;
				MTL_ENABLE_DEBUG_INFO = NO;
				MTL_FAST_MATH = YES;
				SDKROOT = iphoneos;
				SWIFT_COMPILATION_MODE = wholemodule;
				SWIFT_OPTIMIZATION_LEVEL = "-O";
				VALIDATE_PRODUCT = YES;
			};
			name = Release;
		};
		339BDD762447D4DE0028EEBA /* Debug */ = {
			isa = XCBuildConfiguration;
			buildSettings = {
				ASSETCATALOG_COMPILER_APPICON_NAME = AppIcon;
				CODE_SIGN_STYLE = Automatic;
				DEVELOPMENT_TEAM = 9NY68F4K3P;
				INFOPLIST_FILE = ProductHunt/Info.plist;
				LD_RUNPATH_SEARCH_PATHS = (
					"$(inherited)",
					"@executable_path/Frameworks",
				);
				PRODUCT_BUNDLE_IDENTIFIER = SamuelFolledo.ProductHunt;
				PRODUCT_NAME = "$(TARGET_NAME)";
				SWIFT_VERSION = 5.0;
				TARGETED_DEVICE_FAMILY = "1,2";
			};
			name = Debug;
		};
		339BDD772447D4DE0028EEBA /* Release */ = {
			isa = XCBuildConfiguration;
			buildSettings = {
				ASSETCATALOG_COMPILER_APPICON_NAME = AppIcon;
				CODE_SIGN_STYLE = Automatic;
				DEVELOPMENT_TEAM = 9NY68F4K3P;
				INFOPLIST_FILE = ProductHunt/Info.plist;
				LD_RUNPATH_SEARCH_PATHS = (
					"$(inherited)",
					"@executable_path/Frameworks",
				);
				PRODUCT_BUNDLE_IDENTIFIER = SamuelFolledo.ProductHunt;
				PRODUCT_NAME = "$(TARGET_NAME)";
				SWIFT_VERSION = 5.0;
				TARGETED_DEVICE_FAMILY = "1,2";
			};
			name = Release;
		};
/* End XCBuildConfiguration section */

/* Begin XCConfigurationList section */
		339BDD5C2447D4DE0028EEBA /* Build configuration list for PBXProject "ProductHunt" */ = {
			isa = XCConfigurationList;
			buildConfigurations = (
				339BDD732447D4DE0028EEBA /* Debug */,
				339BDD742447D4DE0028EEBA /* Release */,
			);
			defaultConfigurationIsVisible = 0;
			defaultConfigurationName = Release;
		};
		339BDD752447D4DE0028EEBA /* Build configuration list for PBXNativeTarget "ProductHunt" */ = {
			isa = XCConfigurationList;
			buildConfigurations = (
				339BDD762447D4DE0028EEBA /* Debug */,
				339BDD772447D4DE0028EEBA /* Release */,
			);
			defaultConfigurationIsVisible = 0;
			defaultConfigurationName = Release;
		};
/* End XCConfigurationList section */
	};
	rootObject = 339BDD592447D4DE0028EEBA /* Project object */;
}
